
Microsoft Visual Studio Solution File, Format Version 12.00
# Visual Studio Version 16
VisualStudioVersion = 16.0.30717.126
MinimumVisualStudioVersion = 10.0.40219.1
Project("{FAE04EC0-301F-11D3-BF4B-00C04F79EFBC}") = "TestAgainstMe.API", "TestAgainstMe.API\TestAgainstMe.API.csproj", "{A701F051-AB59-4A4C-9123-7E1041F366B2}"
EndProject
Project("{FAE04EC0-301F-11D3-BF4B-00C04F79EFBC}") = "TestAgainstMe.API.InMemoryTests", "TestAgainstMe.API.InMemoryTests\TestAgainstMe.API.InMemoryTests.csproj", "{C8D03FA5-06B1-4969-A9D2-4E681F5A1B57}"
EndProject
Global
	GlobalSection(SolutionConfigurationPlatforms) = preSolution
		Debug|Any CPU = Debug|Any CPU
		Release|Any CPU = Release|Any CPU
	EndGlobalSection
	GlobalSection(ProjectConfigurationPlatforms) = postSolution
		{A701F051-AB59-4A4C-9123-7E1041F366B2}.Debug|Any CPU.ActiveCfg = Debug|Any CPU
		{A701F051-AB59-4A4C-9123-7E1041F366B2}.Debug|Any CPU.Build.0 = Debug|Any CPU
		{A701F051-AB59-4A4C-9123-7E1041F366B2}.Release|Any CPU.ActiveCfg = Release|Any CPU
		{A701F051-AB59-4A4C-9123-7E1041F366B2}.Release|Any CPU.Build.0 = Release|Any CPU
		{C8D03FA5-06B1-4969-A9D2-4E681F5A1B57}.Debug|Any CPU.ActiveCfg = Debug|Any CPU
		{C8D03FA5-06B1-4969-A9D2-4E681F5A1B57}.Debug|Any CPU.Build.0 = Debug|Any CPU
		{C8D03FA5-06B1-4969-A9D2-4E681F5A1B57}.Release|Any CPU.ActiveCfg = Release|Any CPU
		{C8D03FA5-06B1-4969-A9D2-4E681F5A1B57}.Release|Any CPU.Build.0 = Release|Any CPU
	EndGlobalSection
	GlobalSection(SolutionProperties) = preSolution
		HideSolutionNode = FALSE
	EndGlobalSection
	GlobalSection(ExtensibilityGlobals) = postSolution
		SolutionGuid = {9F747598-2CC2-40CB-A037-908D5244FEC2}
	EndGlobalSection
EndGlobal
